// !$*UTF8*$!
{
	archiveVersion = 1;
	classes = {
	};
	objectVersion = 50;
	objects = {

/* Begin PBXBuildFile section */
		2B76A4779DC1A28644A76350 /* Pods_FXDemos.framework in Frameworks */ = {isa = PBXBuildFile; fileRef = EFD94A6EB256BAE5E20C326F /* Pods_FXDemos.framework */; };
		3A5CFEF3250F92EC00826CB4 /* FXWindow.m in Sources */ = {isa = PBXBuildFile; fileRef = 3A5CFEBA250F92EB00826CB4 /* FXWindow.m */; };
		3A5CFEF4250F92EC00826CB4 /* FXTestTempVCL.m in Sources */ = {isa = PBXBuildFile; fileRef = 3A5CFEBE250F92EB00826CB4 /* FXTestTempVCL.m */; };
		3A5CFEF5250F92EC00826CB4 /* FXTestTempVCL.storyboard in Resources */ = {isa = PBXBuildFile; fileRef = 3A5CFEBF250F92EB00826CB4 /* FXTestTempVCL.storyboard */; };
		3A5CFEF6250F92EC00826CB4 /* FunctionThrotUtil.m in Sources */ = {isa = PBXBuildFile; fileRef = 3A5CFEC1250F92EB00826CB4 /* FunctionThrotUtil.m */; };
		3A5CFEF7250F92EC00826CB4 /* FXMainViewController.m in Sources */ = {isa = PBXBuildFile; fileRef = 3A5CFEC4250F92EB00826CB4 /* FXMainViewController.m */; };
		3A5CFEF8250F92EC00826CB4 /* FXMainListCell.m in Sources */ = {isa = PBXBuildFile; fileRef = 3A5CFEC7250F92EB00826CB4 /* FXMainListCell.m */; };
		3A5CFEF9250F92EC00826CB4 /* FXMainListCell.xib in Resources */ = {isa = PBXBuildFile; fileRef = 3A5CFEC8250F92EB00826CB4 /* FXMainListCell.xib */; };
		3A5CFEFA250F92EC00826CB4 /* FXMainModel.m in Sources */ = {isa = PBXBuildFile; fileRef = 3A5CFECB250F92EB00826CB4 /* FXMainModel.m */; };
		3A5CFEFB250F92EC00826CB4 /* FXMainItem.m in Sources */ = {isa = PBXBuildFile; fileRef = 3A5CFECE250F92EC00826CB4 /* FXMainItem.m */; };
		3A5CFEFC250F92EC00826CB4 /* FXTestVCL.m in Sources */ = {isa = PBXBuildFile; fileRef = 3A5CFED1250F92EC00826CB4 /* FXTestVCL.m */; };
		3A5CFEFD250F92EC00826CB4 /* FXMainDemo5VCL.m in Sources */ = {isa = PBXBuildFile; fileRef = 3A5CFED3250F92EC00826CB4 /* FXMainDemo5VCL.m */; };
		3A5CFEFE250F92EC00826CB4 /* FXMainDemo2VCL.m in Sources */ = {isa = PBXBuildFile; fileRef = 3A5CFED6250F92EC00826CB4 /* FXMainDemo2VCL.m */; };
		3A5CFEFF250F92EC00826CB4 /* FXMainDemo2Model.m in Sources */ = {isa = PBXBuildFile; fileRef = 3A5CFED8250F92EC00826CB4 /* FXMainDemo2Model.m */; };
		3A5CFF00250F92EC00826CB4 /* FXMainDemo4VCL.m in Sources */ = {isa = PBXBuildFile; fileRef = 3A5CFEDC250F92EC00826CB4 /* FXMainDemo4VCL.m */; };
		3A5CFF01250F92EC00826CB4 /* FXMainDemo3VCL.m in Sources */ = {isa = PBXBuildFile; fileRef = 3A5CFEDE250F92EC00826CB4 /* FXMainDemo3VCL.m */; };
		3A5CFF02250F92EC00826CB4 /* FXMainDemo1VCL.m in Sources */ = {isa = PBXBuildFile; fileRef = 3A5CFEE1250F92EC00826CB4 /* FXMainDemo1VCL.m */; };
		3A5CFF03250F92EC00826CB4 /* FXClassTest.m in Sources */ = {isa = PBXBuildFile; fileRef = 3A5CFEE2250F92EC00826CB4 /* FXClassTest.m */; };
		3A5CFF04250F92EC00826CB4 /* FXTestStoryboardVCL.m in Sources */ = {isa = PBXBuildFile; fileRef = 3A5CFEE5250F92EC00826CB4 /* FXTestStoryboardVCL.m */; };
		3A5CFF05250F92EC00826CB4 /* FXTestStoryboardVCL.storyboard in Resources */ = {isa = PBXBuildFile; fileRef = 3A5CFEE6250F92EC00826CB4 /* FXTestStoryboardVCL.storyboard */; };
		3A5CFF06250F92EC00826CB4 /* FXMainDemo7VCL.m in Sources */ = {isa = PBXBuildFile; fileRef = 3A5CFEEA250F92EC00826CB4 /* FXMainDemo7VCL.m */; };
		3A5CFF07250F92EC00826CB4 /* FXBaseViewController.m in Sources */ = {isa = PBXBuildFile; fileRef = 3A5CFEEE250F92EC00826CB4 /* FXBaseViewController.m */; };
		3A5CFF08250F92EC00826CB4 /* FXBaseModel.m in Sources */ = {isa = PBXBuildFile; fileRef = 3A5CFEF0250F92EC00826CB4 /* FXBaseModel.m */; };
		3A5CFF09250F92EC00826CB4 /* FXBaseTableViewController.m in Sources */ = {isa = PBXBuildFile; fileRef = 3A5CFEF2250F92EC00826CB4 /* FXBaseTableViewController.m */; };
		44FBB935212E96AC00CED5A3 /* AppDelegate.m in Sources */ = {isa = PBXBuildFile; fileRef = 44FBB934212E96AC00CED5A3 /* AppDelegate.m */; };
		44FBB93D212E96AF00CED5A3 /* Assets.xcassets in Resources */ = {isa = PBXBuildFile; fileRef = 44FBB93C212E96AF00CED5A3 /* Assets.xcassets */; };
		44FBB940212E96AF00CED5A3 /* LaunchScreen.storyboard in Resources */ = {isa = PBXBuildFile; fileRef = 44FBB93E212E96AF00CED5A3 /* LaunchScreen.storyboard */; };
		44FBB943212E96AF00CED5A3 /* main.m in Sources */ = {isa = PBXBuildFile; fileRef = 44FBB942212E96AF00CED5A3 /* main.m */; };
/* End PBXBuildFile section */

/* Begin PBXFileReference section */
		31D328FD1787A4EF72B4A2EE /* Pods-FXDemos.debug.xcconfig */ = {isa = PBXFileReference; includeInIndex = 1; lastKnownFileType = text.xcconfig; name = "Pods-FXDemos.debug.xcconfig"; path = "Target Support Files/Pods-FXDemos/Pods-FXDemos.debug.xcconfig"; sourceTree = "<group>"; };
		3A5CFEBA250F92EB00826CB4 /* FXWindow.m */ = {isa = PBXFileReference; fileEncoding = 4; lastKnownFileType = sourcecode.c.objc; path = FXWindow.m; sourceTree = "<group>"; };
		3A5CFEBB250F92EB00826CB4 /* FunctionThrotUtil.h */ = {isa = PBXFileReference; fileEncoding = 4; lastKnownFileType = sourcecode.c.h; path = FunctionThrotUtil.h; sourceTree = "<group>"; };
		3A5CFEBD250F92EB00826CB4 /* FXTestTempVCL.h */ = {isa = PBXFileReference; fileEncoding = 4; lastKnownFileType = sourcecode.c.h; path = FXTestTempVCL.h; sourceTree = "<group>"; };
		3A5CFEBE250F92EB00826CB4 /* FXTestTempVCL.m */ = {isa = PBXFileReference; fileEncoding = 4; lastKnownFileType = sourcecode.c.objc; path = FXTestTempVCL.m; sourceTree = "<group>"; };
		3A5CFEBF250F92EB00826CB4 /* FXTestTempVCL.storyboard */ = {isa = PBXFileReference; fileEncoding = 4; lastKnownFileType = file.storyboard; path = FXTestTempVCL.storyboard; sourceTree = "<group>"; };
		3A5CFEC0250F92EB00826CB4 /* FXWindow.h */ = {isa = PBXFileReference; fileEncoding = 4; lastKnownFileType = sourcecode.c.h; path = FXWindow.h; sourceTree = "<group>"; };
		3A5CFEC1250F92EB00826CB4 /* FunctionThrotUtil.m */ = {isa = PBXFileReference; fileEncoding = 4; lastKnownFileType = sourcecode.c.objc; path = FunctionThrotUtil.m; sourceTree = "<group>"; };
		3A5CFEC4250F92EB00826CB4 /* FXMainViewController.m */ = {isa = PBXFileReference; fileEncoding = 4; lastKnownFileType = sourcecode.c.objc; path = FXMainViewController.m; sourceTree = "<group>"; };
		3A5CFEC5250F92EB00826CB4 /* FXMainViewController.h */ = {isa = PBXFileReference; fileEncoding = 4; lastKnownFileType = sourcecode.c.h; path = FXMainViewController.h; sourceTree = "<group>"; };
		3A5CFEC7250F92EB00826CB4 /* FXMainListCell.m */ = {isa = PBXFileReference; fileEncoding = 4; lastKnownFileType = sourcecode.c.objc; path = FXMainListCell.m; sourceTree = "<group>"; };
		3A5CFEC8250F92EB00826CB4 /* FXMainListCell.xib */ = {isa = PBXFileReference; fileEncoding = 4; lastKnownFileType = file.xib; path = FXMainListCell.xib; sourceTree = "<group>"; };
		3A5CFEC9250F92EB00826CB4 /* FXMainListCell.h */ = {isa = PBXFileReference; fileEncoding = 4; lastKnownFileType = sourcecode.c.h; path = FXMainListCell.h; sourceTree = "<group>"; };
		3A5CFECB250F92EB00826CB4 /* FXMainModel.m */ = {isa = PBXFileReference; fileEncoding = 4; lastKnownFileType = sourcecode.c.objc; path = FXMainModel.m; sourceTree = "<group>"; };
		3A5CFECC250F92EB00826CB4 /* FXMainItem.h */ = {isa = PBXFileReference; fileEncoding = 4; lastKnownFileType = sourcecode.c.h; path = FXMainItem.h; sourceTree = "<group>"; };
		3A5CFECD250F92EB00826CB4 /* FXMainModel.h */ = {isa = PBXFileReference; fileEncoding = 4; lastKnownFileType = sourcecode.c.h; path = FXMainModel.h; sourceTree = "<group>"; };
		3A5CFECE250F92EC00826CB4 /* FXMainItem.m */ = {isa = PBXFileReference; fileEncoding = 4; lastKnownFileType = sourcecode.c.objc; path = FXMainItem.m; sourceTree = "<group>"; };
		3A5CFED0250F92EC00826CB4 /* FXClassTest.h */ = {isa = PBXFileReference; fileEncoding = 4; lastKnownFileType = sourcecode.c.h; path = FXClassTest.h; sourceTree = "<group>"; };
		3A5CFED1250F92EC00826CB4 /* FXTestVCL.m */ = {isa = PBXFileReference; fileEncoding = 4; lastKnownFileType = sourcecode.c.objc; path = FXTestVCL.m; sourceTree = "<group>"; };
		3A5CFED3250F92EC00826CB4 /* FXMainDemo5VCL.m */ = {isa = PBXFileReference; fileEncoding = 4; lastKnownFileType = sourcecode.c.objc; path = FXMainDemo5VCL.m; sourceTree = "<group>"; };
		3A5CFED4250F92EC00826CB4 /* FXMainDemo5VCL.h */ = {isa = PBXFileReference; fileEncoding = 4; lastKnownFileType = sourcecode.c.h; path = FXMainDemo5VCL.h; sourceTree = "<group>"; };
		3A5CFED6250F92EC00826CB4 /* FXMainDemo2VCL.m */ = {isa = PBXFileReference; fileEncoding = 4; lastKnownFileType = sourcecode.c.objc; path = FXMainDemo2VCL.m; sourceTree = "<group>"; };
		3A5CFED8250F92EC00826CB4 /* FXMainDemo2Model.m */ = {isa = PBXFileReference; fileEncoding = 4; lastKnownFileType = sourcecode.c.objc; path = FXMainDemo2Model.m; sourceTree = "<group>"; };
		3A5CFED9250F92EC00826CB4 /* FXMainDemo2Model.h */ = {isa = PBXFileReference; fileEncoding = 4; lastKnownFileType = sourcecode.c.h; path = FXMainDemo2Model.h; sourceTree = "<group>"; };
		3A5CFEDA250F92EC00826CB4 /* FXMainDemo2VCL.h */ = {isa = PBXFileReference; fileEncoding = 4; lastKnownFileType = sourcecode.c.h; path = FXMainDemo2VCL.h; sourceTree = "<group>"; };
		3A5CFEDC250F92EC00826CB4 /* FXMainDemo4VCL.m */ = {isa = PBXFileReference; fileEncoding = 4; lastKnownFileType = sourcecode.c.objc; path = FXMainDemo4VCL.m; sourceTree = "<group>"; };
		3A5CFEDD250F92EC00826CB4 /* FXMainDemo4VCL.h */ = {isa = PBXFileReference; fileEncoding = 4; lastKnownFileType = sourcecode.c.h; path = FXMainDemo4VCL.h; sourceTree = "<group>"; };
		3A5CFEDE250F92EC00826CB4 /* FXMainDemo3VCL.m */ = {isa = PBXFileReference; fileEncoding = 4; lastKnownFileType = sourcecode.c.objc; path = FXMainDemo3VCL.m; sourceTree = "<group>"; };
		3A5CFEE0250F92EC00826CB4 /* FXMainDemo1VCL.h */ = {isa = PBXFileReference; fileEncoding = 4; lastKnownFileType = sourcecode.c.h; path = FXMainDemo1VCL.h; sourceTree = "<group>"; };
		3A5CFEE1250F92EC00826CB4 /* FXMainDemo1VCL.m */ = {isa = PBXFileReference; fileEncoding = 4; lastKnownFileType = sourcecode.c.objc; path = FXMainDemo1VCL.m; sourceTree = "<group>"; };
		3A5CFEE2250F92EC00826CB4 /* FXClassTest.m */ = {isa = PBXFileReference; fileEncoding = 4; lastKnownFileType = sourcecode.c.objc; path = FXClassTest.m; sourceTree = "<group>"; };
		3A5CFEE3250F92EC00826CB4 /* FXMainDemo3VCL.h */ = {isa = PBXFileReference; fileEncoding = 4; lastKnownFileType = sourcecode.c.h; path = FXMainDemo3VCL.h; sourceTree = "<group>"; };
		3A5CFEE5250F92EC00826CB4 /* FXTestStoryboardVCL.m */ = {isa = PBXFileReference; fileEncoding = 4; lastKnownFileType = sourcecode.c.objc; path = FXTestStoryboardVCL.m; sourceTree = "<group>"; };
		3A5CFEE6250F92EC00826CB4 /* FXTestStoryboardVCL.storyboard */ = {isa = PBXFileReference; fileEncoding = 4; lastKnownFileType = file.storyboard; path = FXTestStoryboardVCL.storyboard; sourceTree = "<group>"; };
		3A5CFEE7250F92EC00826CB4 /* FXTestStoryboardVCL.h */ = {isa = PBXFileReference; fileEncoding = 4; lastKnownFileType = sourcecode.c.h; path = FXTestStoryboardVCL.h; sourceTree = "<group>"; };
		3A5CFEE9250F92EC00826CB4 /* FXMainDemo7VCL.h */ = {isa = PBXFileReference; fileEncoding = 4; lastKnownFileType = sourcecode.c.h; path = FXMainDemo7VCL.h; sourceTree = "<group>"; };
		3A5CFEEA250F92EC00826CB4 /* FXMainDemo7VCL.m */ = {isa = PBXFileReference; fileEncoding = 4; lastKnownFileType = sourcecode.c.objc; path = FXMainDemo7VCL.m; sourceTree = "<group>"; };
		3A5CFEEB250F92EC00826CB4 /* FXTestVCL.h */ = {isa = PBXFileReference; fileEncoding = 4; lastKnownFileType = sourcecode.c.h; path = FXTestVCL.h; sourceTree = "<group>"; };
		3A5CFEED250F92EC00826CB4 /* FXBaseTableViewController.h */ = {isa = PBXFileReference; fileEncoding = 4; lastKnownFileType = sourcecode.c.h; path = FXBaseTableViewController.h; sourceTree = "<group>"; };
		3A5CFEEE250F92EC00826CB4 /* FXBaseViewController.m */ = {isa = PBXFileReference; fileEncoding = 4; lastKnownFileType = sourcecode.c.objc; path = FXBaseViewController.m; sourceTree = "<group>"; };
		3A5CFEEF250F92EC00826CB4 /* FXBaseModel.h */ = {isa = PBXFileReference; fileEncoding = 4; lastKnownFileType = sourcecode.c.h; path = FXBaseModel.h; sourceTree = "<group>"; };
		3A5CFEF0250F92EC00826CB4 /* FXBaseModel.m */ = {isa = PBXFileReference; fileEncoding = 4; lastKnownFileType = sourcecode.c.objc; path = FXBaseModel.m; sourceTree = "<group>"; };
		3A5CFEF1250F92EC00826CB4 /* FXBaseViewController.h */ = {isa = PBXFileReference; fileEncoding = 4; lastKnownFileType = sourcecode.c.h; path = FXBaseViewController.h; sourceTree = "<group>"; };
		3A5CFEF2250F92EC00826CB4 /* FXBaseTableViewController.m */ = {isa = PBXFileReference; fileEncoding = 4; lastKnownFileType = sourcecode.c.objc; path = FXBaseTableViewController.m; sourceTree = "<group>"; };
		3A5CFF0B250F932E00826CB4 /* AmazonIVSPlayer.framework */ = {isa = PBXFileReference; lastKnownFileType = wrapper.framework; name = AmazonIVSPlayer.framework; path = "AmazonIVSPlayer.xcframework/ios-armv7_arm64_arm64e/AmazonIVSPlayer.framework"; sourceTree = "<group>"; };
		44FBB930212E96AC00CED5A3 /* FXDemos.app */ = {isa = PBXFileReference; explicitFileType = wrapper.application; includeInIndex = 0; path = FXDemos.app; sourceTree = BUILT_PRODUCTS_DIR; };
		44FBB933212E96AC00CED5A3 /* AppDelegate.h */ = {isa = PBXFileReference; lastKnownFileType = sourcecode.c.h; path = AppDelegate.h; sourceTree = "<group>"; };
		44FBB934212E96AC00CED5A3 /* AppDelegate.m */ = {isa = PBXFileReference; lastKnownFileType = sourcecode.c.objc; path = AppDelegate.m; sourceTree = "<group>"; };
		44FBB93C212E96AF00CED5A3 /* Assets.xcassets */ = {isa = PBXFileReference; lastKnownFileType = folder.assetcatalog; path = Assets.xcassets; sourceTree = "<group>"; };
		44FBB93F212E96AF00CED5A3 /* Base */ = {isa = PBXFileReference; lastKnownFileType = file.storyboard; name = Base; path = Base.lproj/LaunchScreen.storyboard; sourceTree = "<group>"; };
		44FBB941212E96AF00CED5A3 /* Info.plist */ = {isa = PBXFileReference; lastKnownFileType = text.plist.xml; path = Info.plist; sourceTree = "<group>"; };
		44FBB942212E96AF00CED5A3 /* main.m */ = {isa = PBXFileReference; lastKnownFileType = sourcecode.c.objc; path = main.m; sourceTree = "<group>"; };
		84F4A8DDFAF806EFE3A42981 /* Pods-FXDemos.release.xcconfig */ = {isa = PBXFileReference; includeInIndex = 1; lastKnownFileType = text.xcconfig; name = "Pods-FXDemos.release.xcconfig"; path = "Target Support Files/Pods-FXDemos/Pods-FXDemos.release.xcconfig"; sourceTree = "<group>"; };
		EFD94A6EB256BAE5E20C326F /* Pods_FXDemos.framework */ = {isa = PBXFileReference; explicitFileType = wrapper.framework; includeInIndex = 0; path = Pods_FXDemos.framework; sourceTree = BUILT_PRODUCTS_DIR; };
/* End PBXFileReference section */

/* Begin PBXFrameworksBuildPhase section */
		44FBB92D212E96AC00CED5A3 /* Frameworks */ = {
			isa = PBXFrameworksBuildPhase;
			buildActionMask = 2147483647;
			files = (
				2B76A4779DC1A28644A76350 /* Pods_FXDemos.framework in Frameworks */,
			);
			runOnlyForDeploymentPostprocessing = 0;
		};
/* End PBXFrameworksBuildPhase section */

/* Begin PBXGroup section */
		3A5CFEB9250F92EB00826CB4 /* Source */ = {
			isa = PBXGroup;
			children = (
				3A5CFEEC250F92EC00826CB4 /* Base */,
				3A5CFECF250F92EC00826CB4 /* Demos */,
				3A5CFEBB250F92EB00826CB4 /* FunctionThrotUtil.h */,
				3A5CFEC1250F92EB00826CB4 /* FunctionThrotUtil.m */,
				3A5CFEC0250F92EB00826CB4 /* FXWindow.h */,
				3A5CFEBA250F92EB00826CB4 /* FXWindow.m */,
				3A5CFEC2250F92EB00826CB4 /* Main */,
				3A5CFEBC250F92EB00826CB4 /* Temp */,
			);
			path = Source;
			sourceTree = "<group>";
		};
		3A5CFEBC250F92EB00826CB4 /* Temp */ = {
			isa = PBXGroup;
			children = (
				3A5CFEBD250F92EB00826CB4 /* FXTestTempVCL.h */,
				3A5CFEBE250F92EB00826CB4 /* FXTestTempVCL.m */,
				3A5CFEBF250F92EB00826CB4 /* FXTestTempVCL.storyboard */,
			);
			path = Temp;
			sourceTree = "<group>";
		};
		3A5CFEC2250F92EB00826CB4 /* Main */ = {
			isa = PBXGroup;
			children = (
				3A5CFEC3250F92EB00826CB4 /* Controller */,
				3A5CFEC6250F92EB00826CB4 /* Cell */,
				3A5CFECA250F92EB00826CB4 /* Model */,
			);
			path = Main;
			sourceTree = "<group>";
		};
		3A5CFEC3250F92EB00826CB4 /* Controller */ = {
			isa = PBXGroup;
			children = (
				3A5CFEC4250F92EB00826CB4 /* FXMainViewController.m */,
				3A5CFEC5250F92EB00826CB4 /* FXMainViewController.h */,
			);
			path = Controller;
			sourceTree = "<group>";
		};
		3A5CFEC6250F92EB00826CB4 /* Cell */ = {
			isa = PBXGroup;
			children = (
				3A5CFEC7250F92EB00826CB4 /* FXMainListCell.m */,
				3A5CFEC8250F92EB00826CB4 /* FXMainListCell.xib */,
				3A5CFEC9250F92EB00826CB4 /* FXMainListCell.h */,
			);
			path = Cell;
			sourceTree = "<group>";
		};
		3A5CFECA250F92EB00826CB4 /* Model */ = {
			isa = PBXGroup;
			children = (
				3A5CFECB250F92EB00826CB4 /* FXMainModel.m */,
				3A5CFECC250F92EB00826CB4 /* FXMainItem.h */,
				3A5CFECD250F92EB00826CB4 /* FXMainModel.h */,
				3A5CFECE250F92EC00826CB4 /* FXMainItem.m */,
			);
			path = Model;
			sourceTree = "<group>";
		};
		3A5CFECF250F92EC00826CB4 /* Demos */ = {
			isa = PBXGroup;
			children = (
				3A5CFED5250F92EC00826CB4 /* Demo2 */,
				3A5CFEDB250F92EC00826CB4 /* Demo4 */,
				3A5CFED2250F92EC00826CB4 /* Demo5 */,
				3A5CFEE4250F92EC00826CB4 /* Demo6 */,
				3A5CFEE8250F92EC00826CB4 /* Demo7 */,
				3A5CFED0250F92EC00826CB4 /* FXClassTest.h */,
				3A5CFEE2250F92EC00826CB4 /* FXClassTest.m */,
				3A5CFEE3250F92EC00826CB4 /* FXMainDemo3VCL.h */,
				3A5CFEDE250F92EC00826CB4 /* FXMainDemo3VCL.m */,
				3A5CFEEB250F92EC00826CB4 /* FXTestVCL.h */,
				3A5CFED1250F92EC00826CB4 /* FXTestVCL.m */,
				3A5CFEDF250F92EC00826CB4 /* NSOperationQueueDemo */,
			);
			path = Demos;
			sourceTree = "<group>";
		};
		3A5CFED2250F92EC00826CB4 /* Demo5 */ = {
			isa = PBXGroup;
			children = (
				3A5CFED4250F92EC00826CB4 /* FXMainDemo5VCL.h */,
				3A5CFED3250F92EC00826CB4 /* FXMainDemo5VCL.m */,
			);
			path = Demo5;
			sourceTree = "<group>";
		};
		3A5CFED5250F92EC00826CB4 /* Demo2 */ = {
			isa = PBXGroup;
			children = (
				3A5CFEDA250F92EC00826CB4 /* FXMainDemo2VCL.h */,
				3A5CFED6250F92EC00826CB4 /* FXMainDemo2VCL.m */,
				3A5CFED7250F92EC00826CB4 /* Model */,
			);
			path = Demo2;
			sourceTree = "<group>";
		};
		3A5CFED7250F92EC00826CB4 /* Model */ = {
			isa = PBXGroup;
			children = (
				3A5CFED8250F92EC00826CB4 /* FXMainDemo2Model.m */,
				3A5CFED9250F92EC00826CB4 /* FXMainDemo2Model.h */,
			);
			path = Model;
			sourceTree = "<group>";
		};
		3A5CFEDB250F92EC00826CB4 /* Demo4 */ = {
			isa = PBXGroup;
			children = (
				3A5CFEDD250F92EC00826CB4 /* FXMainDemo4VCL.h */,
				3A5CFEDC250F92EC00826CB4 /* FXMainDemo4VCL.m */,
			);
			path = Demo4;
			sourceTree = "<group>";
		};
		3A5CFEDF250F92EC00826CB4 /* NSOperationQueueDemo */ = {
			isa = PBXGroup;
			children = (
				3A5CFEE0250F92EC00826CB4 /* FXMainDemo1VCL.h */,
				3A5CFEE1250F92EC00826CB4 /* FXMainDemo1VCL.m */,
			);
			path = NSOperationQueueDemo;
			sourceTree = "<group>";
		};
		3A5CFEE4250F92EC00826CB4 /* Demo6 */ = {
			isa = PBXGroup;
			children = (
				3A5CFEE7250F92EC00826CB4 /* FXTestStoryboardVCL.h */,
				3A5CFEE5250F92EC00826CB4 /* FXTestStoryboardVCL.m */,
				3A5CFEE6250F92EC00826CB4 /* FXTestStoryboardVCL.storyboard */,
			);
			path = Demo6;
			sourceTree = "<group>";
		};
		3A5CFEE8250F92EC00826CB4 /* Demo7 */ = {
			isa = PBXGroup;
			children = (
				3A5CFEE9250F92EC00826CB4 /* FXMainDemo7VCL.h */,
				3A5CFEEA250F92EC00826CB4 /* FXMainDemo7VCL.m */,
			);
			path = Demo7;
			sourceTree = "<group>";
		};
		3A5CFEEC250F92EC00826CB4 /* Base */ = {
			isa = PBXGroup;
			children = (
				3A5CFEED250F92EC00826CB4 /* FXBaseTableViewController.h */,
				3A5CFEEE250F92EC00826CB4 /* FXBaseViewController.m */,
				3A5CFEEF250F92EC00826CB4 /* FXBaseModel.h */,
				3A5CFEF0250F92EC00826CB4 /* FXBaseModel.m */,
				3A5CFEF1250F92EC00826CB4 /* FXBaseViewController.h */,
				3A5CFEF2250F92EC00826CB4 /* FXBaseTableViewController.m */,
			);
			path = Base;
			sourceTree = "<group>";
		};
		3A5CFF0A250F932E00826CB4 /* Frameworks */ = {
			isa = PBXGroup;
			children = (
				3A5CFF0B250F932E00826CB4 /* AmazonIVSPlayer.framework */,
				EFD94A6EB256BAE5E20C326F /* Pods_FXDemos.framework */,
			);
			name = Frameworks;
			sourceTree = "<group>";
		};
		44FBB927212E96AC00CED5A3 = {
			isa = PBXGroup;
			children = (
				44FBB932212E96AC00CED5A3 /* FXDemos */,
				44FBB931212E96AC00CED5A3 /* Products */,
				3A5CFF0A250F932E00826CB4 /* Frameworks */,
				F89DFC2DA9D4D59C9DD61A74 /* Pods */,
			);
			sourceTree = "<group>";
		};
		44FBB931212E96AC00CED5A3 /* Products */ = {
			isa = PBXGroup;
			children = (
				44FBB930212E96AC00CED5A3 /* FXDemos.app */,
			);
			name = Products;
			sourceTree = "<group>";
		};
		44FBB932212E96AC00CED5A3 /* FXDemos */ = {
			isa = PBXGroup;
			children = (
				3A5CFEB9250F92EB00826CB4 /* Source */,
				44FBB933212E96AC00CED5A3 /* AppDelegate.h */,
				44FBB934212E96AC00CED5A3 /* AppDelegate.m */,
				44FBB93C212E96AF00CED5A3 /* Assets.xcassets */,
				44FBB93E212E96AF00CED5A3 /* LaunchScreen.storyboard */,
				44FBB941212E96AF00CED5A3 /* Info.plist */,
				44FBB942212E96AF00CED5A3 /* main.m */,
			);
			path = FXDemos;
			sourceTree = "<group>";
		};
		F89DFC2DA9D4D59C9DD61A74 /* Pods */ = {
			isa = PBXGroup;
			children = (
				31D328FD1787A4EF72B4A2EE /* Pods-FXDemos.debug.xcconfig */,
				84F4A8DDFAF806EFE3A42981 /* Pods-FXDemos.release.xcconfig */,
			);
			name = Pods;
			path = Pods;
			sourceTree = "<group>";
		};
/* End PBXGroup section */

/* Begin PBXNativeTarget section */
		44FBB92F212E96AC00CED5A3 /* FXDemos */ = {
			isa = PBXNativeTarget;
			buildConfigurationList = 44FBB946212E96AF00CED5A3 /* Build configuration list for PBXNativeTarget "FXDemos" */;
			buildPhases = (
				6187329CFF01F5E26DB8DC6D /* [CP] Check Pods Manifest.lock */,
				44FBB92C212E96AC00CED5A3 /* Sources */,
				44FBB92D212E96AC00CED5A3 /* Frameworks */,
				44FBB92E212E96AC00CED5A3 /* Resources */,
			);
			buildRules = (
			);
			dependencies = (
			);
			name = FXDemos;
			productName = FXDemos;
			productReference = 44FBB930212E96AC00CED5A3 /* FXDemos.app */;
			productType = "com.apple.product-type.application";
		};
/* End PBXNativeTarget section */

/* Begin PBXProject section */
		44FBB928212E96AC00CED5A3 /* Project object */ = {
			isa = PBXProject;
			attributes = {
				LastUpgradeCheck = 0940;
				ORGANIZATIONNAME = FX;
				TargetAttributes = {
					44FBB92F212E96AC00CED5A3 = {
						CreatedOnToolsVersion = 9.4.1;
					};
				};
			};
			buildConfigurationList = 44FBB92B212E96AC00CED5A3 /* Build configuration list for PBXProject "FXDemos" */;
			compatibilityVersion = "Xcode 9.3";
			developmentRegion = en;
			hasScannedForEncodings = 0;
			knownRegions = (
				en,
				Base,
			);
			mainGroup = 44FBB927212E96AC00CED5A3;
			productRefGroup = 44FBB931212E96AC00CED5A3 /* Products */;
			projectDirPath = "";
			projectRoot = "";
			targets = (
				44FBB92F212E96AC00CED5A3 /* FXDemos */,
			);
		};
/* End PBXProject section */

/* Begin PBXResourcesBuildPhase section */
		44FBB92E212E96AC00CED5A3 /* Resources */ = {
			isa = PBXResourcesBuildPhase;
			buildActionMask = 2147483647;
			files = (
				3A5CFEF5250F92EC00826CB4 /* FXTestTempVCL.storyboard in Resources */,
				3A5CFF05250F92EC00826CB4 /* FXTestStoryboardVCL.storyboard in Resources */,
				44FBB940212E96AF00CED5A3 /* LaunchScreen.storyboard in Resources */,
				3A5CFEF9250F92EC00826CB4 /* FXMainListCell.xib in Resources */,
				44FBB93D212E96AF00CED5A3 /* Assets.xcassets in Resources */,
			);
			runOnlyForDeploymentPostprocessing = 0;
		};
/* End PBXResourcesBuildPhase section */

/* Begin PBXShellScriptBuildPhase section */
		6187329CFF01F5E26DB8DC6D /* [CP] Check Pods Manifest.lock */ = {
			isa = PBXShellScriptBuildPhase;
			buildActionMask = 2147483647;
			files = (
			);
			inputFileListPaths = (
			);
			inputPaths = (
				"${PODS_PODFILE_DIR_PATH}/Podfile.lock",
				"${PODS_ROOT}/Manifest.lock",
			);
			name = "[CP] Check Pods Manifest.lock";
			outputFileListPaths = (
			);
			outputPaths = (
				"$(DERIVED_FILE_DIR)/Pods-FXDemos-checkManifestLockResult.txt",
			);
			runOnlyForDeploymentPostprocessing = 0;
			shellPath = /bin/sh;
			shellScript = "diff \"${PODS_PODFILE_DIR_PATH}/Podfile.lock\" \"${PODS_ROOT}/Manifest.lock\" > /dev/null\nif [ $? != 0 ] ; then\n    # print error to STDERR\n    echo \"error: The sandbox is not in sync with the Podfile.lock. Run 'pod install' or update your CocoaPods installation.\" >&2\n    exit 1\nfi\n# This output is used by Xcode 'outputs' to avoid re-running this script phase.\necho \"SUCCESS\" > \"${SCRIPT_OUTPUT_FILE_0}\"\n";
			showEnvVarsInLog = 0;
		};
/* End PBXShellScriptBuildPhase section */

/* Begin PBXSourcesBuildPhase section */
		44FBB92C212E96AC00CED5A3 /* Sources */ = {
			isa = PBXSourcesBuildPhase;
			buildActionMask = 2147483647;
			files = (
				3A5CFF08250F92EC00826CB4 /* FXBaseModel.m in Sources */,
				3A5CFEFF250F92EC00826CB4 /* FXMainDemo2Model.m in Sources */,
				3A5CFF09250F92EC00826CB4 /* FXBaseTableViewController.m in Sources */,
				3A5CFF07250F92EC00826CB4 /* FXBaseViewController.m in Sources */,
				3A5CFEFD250F92EC00826CB4 /* FXMainDemo5VCL.m in Sources */,
				3A5CFEFB250F92EC00826CB4 /* FXMainItem.m in Sources */,
				3A5CFEFC250F92EC00826CB4 /* FXTestVCL.m in Sources */,
				3A5CFF01250F92EC00826CB4 /* FXMainDemo3VCL.m in Sources */,
				3A5CFEF6250F92EC00826CB4 /* FunctionThrotUtil.m in Sources */,
				44FBB943212E96AF00CED5A3 /* main.m in Sources */,
				3A5CFEF3250F92EC00826CB4 /* FXWindow.m in Sources */,
				3A5CFF04250F92EC00826CB4 /* FXTestStoryboardVCL.m in Sources */,
				3A5CFEF7250F92EC00826CB4 /* FXMainViewController.m in Sources */,
				3A5CFF02250F92EC00826CB4 /* FXMainDemo1VCL.m in Sources */,
				3A5CFEFA250F92EC00826CB4 /* FXMainModel.m in Sources */,
				44FBB935212E96AC00CED5A3 /* AppDelegate.m in Sources */,
				3A5CFF00250F92EC00826CB4 /* FXMainDemo4VCL.m in Sources */,
				3A5CFEF4250F92EC00826CB4 /* FXTestTempVCL.m in Sources */,
				3A5CFF06250F92EC00826CB4 /* FXMainDemo7VCL.m in Sources */,
				3A5CFF03250F92EC00826CB4 /* FXClassTest.m in Sources */,
				3A5CFEFE250F92EC00826CB4 /* FXMainDemo2VCL.m in Sources */,
				3A5CFEF8250F92EC00826CB4 /* FXMainListCell.m in Sources */,
			);
			runOnlyForDeploymentPostprocessing = 0;
		};
/* End PBXSourcesBuildPhase section */

/* Begin PBXVariantGroup section */
		44FBB93E212E96AF00CED5A3 /* LaunchScreen.storyboard */ = {
			isa = PBXVariantGroup;
			children = (
				44FBB93F212E96AF00CED5A3 /* Base */,
			);
			name = LaunchScreen.storyboard;
			sourceTree = "<group>";
		};
/* End PBXVariantGroup section */

/* Begin XCBuildConfiguration section */
		44FBB944212E96AF00CED5A3 /* Debug */ = {
			isa = XCBuildConfiguration;
			buildSettings = {
				ALWAYS_SEARCH_USER_PATHS = NO;
				CLANG_ANALYZER_NONNULL = YES;
				CLANG_ANALYZER_NUMBER_OBJECT_CONVERSION = YES_AGGRESSIVE;
				CLANG_CXX_LANGUAGE_STANDARD = "gnu++14";
				CLANG_CXX_LIBRARY = "libc++";
				CLANG_ENABLE_MODULES = YES;
				CLANG_ENABLE_OBJC_ARC = YES;
				CLANG_ENABLE_OBJC_WEAK = YES;
				CLANG_WARN_BLOCK_CAPTURE_AUTORELEASING = YES;
				CLANG_WARN_BOOL_CONVERSION = YES;
				CLANG_WARN_COMMA = YES;
				CLANG_WARN_CONSTANT_CONVERSION = YES;
				CLANG_WARN_DEPRECATED_OBJC_IMPLEMENTATIONS = YES;
				CLANG_WARN_DIRECT_OBJC_ISA_USAGE = YES_ERROR;
				CLANG_WARN_DOCUMENTATION_COMMENTS = YES;
				CLANG_WARN_EMPTY_BODY = YES;
				CLANG_WARN_ENUM_CONVERSION = YES;
				CLANG_WARN_INFINITE_RECURSION = YES;
				CLANG_WARN_INT_CONVERSION = YES;
				CLANG_WARN_NON_LITERAL_NULL_CONVERSION = YES;
				CLANG_WARN_OBJC_IMPLICIT_RETAIN_SELF = YES;
				CLANG_WARN_OBJC_LITERAL_CONVERSION = YES;
				CLANG_WARN_OBJC_ROOT_CLASS = YES_ERROR;
				CLANG_WARN_RANGE_LOOP_ANALYSIS = YES;
				CLANG_WARN_STRICT_PROTOTYPES = YES;
				CLANG_WARN_SUSPICIOUS_MOVE = YES;
				CLANG_WARN_UNGUARDED_AVAILABILITY = YES_AGGRESSIVE;
				CLANG_WARN_UNREACHABLE_CODE = YES;
				CLANG_WARN__DUPLICATE_METHOD_MATCH = YES;
				CODE_SIGN_IDENTITY = "iPhone Developer";
				COPY_PHASE_STRIP = NO;
				DEBUG_INFORMATION_FORMAT = dwarf;
				ENABLE_STRICT_OBJC_MSGSEND = YES;
				ENABLE_TESTABILITY = YES;
				GCC_C_LANGUAGE_STANDARD = gnu11;
				GCC_DYNAMIC_NO_PIC = NO;
				GCC_NO_COMMON_BLOCKS = YES;
				GCC_OPTIMIZATION_LEVEL = 0;
				GCC_PREPROCESSOR_DEFINITIONS = (
					"DEBUG=1",
					"$(inherited)",
				);
				GCC_WARN_64_TO_32_BIT_CONVERSION = YES;
				GCC_WARN_ABOUT_RETURN_TYPE = YES_ERROR;
				GCC_WARN_UNDECLARED_SELECTOR = YES;
				GCC_WARN_UNINITIALIZED_AUTOS = YES_AGGRESSIVE;
				GCC_WARN_UNUSED_FUNCTION = YES;
				GCC_WARN_UNUSED_VARIABLE = YES;
				IPHONEOS_DEPLOYMENT_TARGET = 9.0;
				MTL_ENABLE_DEBUG_INFO = YES;
				ONLY_ACTIVE_ARCH = YES;
				SDKROOT = iphoneos;
			};
			name = Debug;
		};
		44FBB945212E96AF00CED5A3 /* Release */ = {
			isa = XCBuildConfiguration;
			buildSettings = {
				ALWAYS_SEARCH_USER_PATHS = NO;
				CLANG_ANALYZER_NONNULL = YES;
				CLANG_ANALYZER_NUMBER_OBJECT_CONVERSION = YES_AGGRESSIVE;
				CLANG_CXX_LANGUAGE_STANDARD = "gnu++14";
				CLANG_CXX_LIBRARY = "libc++";
				CLANG_ENABLE_MODULES = YES;
				CLANG_ENABLE_OBJC_ARC = YES;
				CLANG_ENABLE_OBJC_WEAK = YES;
				CLANG_WARN_BLOCK_CAPTURE_AUTORELEASING = YES;
				CLANG_WARN_BOOL_CONVERSION = YES;
				CLANG_WARN_COMMA = YES;
				CLANG_WARN_CONSTANT_CONVERSION = YES;
				CLANG_WARN_DEPRECATED_OBJC_IMPLEMENTATIONS = YES;
				CLANG_WARN_DIRECT_OBJC_ISA_USAGE = YES_ERROR;
				CLANG_WARN_DOCUMENTATION_COMMENTS = YES;
				CLANG_WARN_EMPTY_BODY = YES;
				CLANG_WARN_ENUM_CONVERSION = YES;
				CLANG_WARN_INFINITE_RECURSION = YES;
				CLANG_WARN_INT_CONVERSION = YES;
				CLANG_WARN_NON_LITERAL_NULL_CONVERSION = YES;
				CLANG_WARN_OBJC_IMPLICIT_RETAIN_SELF = YES;
				CLANG_WARN_OBJC_LITERAL_CONVERSION = YES;
				CLANG_WARN_OBJC_ROOT_CLASS = YES_ERROR;
				CLANG_WARN_RANGE_LOOP_ANALYSIS = YES;
				CLANG_WARN_STRICT_PROTOTYPES = YES;
				CLANG_WARN_SUSPICIOUS_MOVE = YES;
				CLANG_WARN_UNGUARDED_AVAILABILITY = YES_AGGRESSIVE;
				CLANG_WARN_UNREACHABLE_CODE = YES;
				CLANG_WARN__DUPLICATE_METHOD_MATCH = YES;
				CODE_SIGN_IDENTITY = "iPhone Developer";
				COPY_PHASE_STRIP = NO;
				DEBUG_INFORMATION_FORMAT = "dwarf-with-dsym";
				ENABLE_NS_ASSERTIONS = NO;
				ENABLE_STRICT_OBJC_MSGSEND = YES;
				GCC_C_LANGUAGE_STANDARD = gnu11;
				GCC_NO_COMMON_BLOCKS = YES;
				GCC_WARN_64_TO_32_BIT_CONVERSION = YES;
				GCC_WARN_ABOUT_RETURN_TYPE = YES_ERROR;
				GCC_WARN_UNDECLARED_SELECTOR = YES;
				GCC_WARN_UNINITIALIZED_AUTOS = YES_AGGRESSIVE;
				GCC_WARN_UNUSED_FUNCTION = YES;
				GCC_WARN_UNUSED_VARIABLE = YES;
				IPHONEOS_DEPLOYMENT_TARGET = 9.0;
				MTL_ENABLE_DEBUG_INFO = NO;
				SDKROOT = iphoneos;
				VALIDATE_PRODUCT = YES;
			};
			name = Release;
		};
		44FBB947212E96AF00CED5A3 /* Debug */ = {
			isa = XCBuildConfiguration;
			baseConfigurationReference = 31D328FD1787A4EF72B4A2EE /* Pods-FXDemos.debug.xcconfig */;
			buildSettings = {
				ASSETCATALOG_COMPILER_APPICON_NAME = AppIcon;
				CODE_SIGN_IDENTITY = "Apple Development";
				CODE_SIGN_STYLE = Automatic;
				DEVELOPMENT_TEAM = 8HNMG8JC86;
				FRAMEWORK_SEARCH_PATHS = (
					"$(inherited)",
					"$(PROJECT_DIR)/ios-x86_64_i386-simulator",
					"$(PROJECT_DIR)/AmazonIVSPlayer.xcframework/ios-armv7_arm64_arm64e",
				);
				INFOPLIST_FILE = FXDemos/Info.plist;
				IPHONEOS_DEPLOYMENT_TARGET = 10.0;
				LD_RUNPATH_SEARCH_PATHS = (
					"$(inherited)",
					"@executable_path/Frameworks",
				);
				PRODUCT_BUNDLE_IDENTIFIER = FX.FXDemos;
				PRODUCT_NAME = "$(TARGET_NAME)";
				PROVISIONING_PROFILE_SPECIFIER = "";
				TARGETED_DEVICE_FAMILY = "1,2";
			};
			name = Debug;
		};
		44FBB948212E96AF00CED5A3 /* Release */ = {
			isa = XCBuildConfiguration;
			baseConfigurationReference = 84F4A8DDFAF806EFE3A42981 /* Pods-FXDemos.release.xcconfig */;
			buildSettings = {
				ASSETCATALOG_COMPILER_APPICON_NAME = AppIcon;
				CODE_SIGN_IDENTITY = "Apple Development";
				CODE_SIGN_STYLE = Automatic;
				DEVELOPMENT_TEAM = 8HNMG8JC86;
				FRAMEWORK_SEARCH_PATHS = (
					"$(inherited)",
					"$(PROJECT_DIR)/ios-x86_64_i386-simulator",
					"$(PROJECT_DIR)/AmazonIVSPlayer.xcframework/ios-armv7_arm64_arm64e",
				);
				INFOPLIST_FILE = FXDemos/Info.plist;
				IPHONEOS_DEPLOYMENT_TARGET = 10.0;
				LD_RUNPATH_SEARCH_PATHS = (
					"$(inherited)",
					"@executable_path/Frameworks",
				);
				PRODUCT_BUNDLE_IDENTIFIER = FX.FXDemos;
				PRODUCT_NAME = "$(TARGET_NAME)";
				PROVISIONING_PROFILE_SPECIFIER = "";
				TARGETED_DEVICE_FAMILY = "1,2";
			};
			name = Release;
		};
/* End XCBuildConfiguration section */

/* Begin XCConfigurationList section */
		44FBB92B212E96AC00CED5A3 /* Build configuration list for PBXProject "FXDemos" */ = {
			isa = XCConfigurationList;
			buildConfigurations = (
				44FBB944212E96AF00CED5A3 /* Debug */,
				44FBB945212E96AF00CED5A3 /* Release */,
			);
			defaultConfigurationIsVisible = 0;
			defaultConfigurationName = Release;
		};
		44FBB946212E96AF00CED5A3 /* Build configuration list for PBXNativeTarget "FXDemos" */ = {
			isa = XCConfigurationList;
			buildConfigurations = (
				44FBB947212E96AF00CED5A3 /* Debug */,
				44FBB948212E96AF00CED5A3 /* Release */,
			);
			defaultConfigurationIsVisible = 0;
			defaultConfigurationName = Release;
		};
/* End XCConfigurationList section */
	};
	rootObject = 44FBB928212E96AC00CED5A3 /* Project object */;
}
